
Microsoft Visual Studio Solution File, Format Version 12.00
# Visual Studio Version 16
VisualStudioVersion = 16.0.29806.167
MinimumVisualStudioVersion = 10.0.40219.1
Project("{FAE04EC0-301F-11D3-BF4B-00C04F79EFBC}") = "multiBindingStringFormatAndTargetNullValue", "multiBindingStringFormatAndTargetNullValue.csproj", "{B044EA8A-F775-4533-98A8-E82C9DBDFCB4}"
EndProject
Global
	GlobalSection(SolutionConfigurationPlatforms) = preSolution
		Debug|Any CPU = Debug|Any CPU
		Release|Any CPU = Release|Any CPU
	EndGlobalSection
	GlobalSection(ProjectConfigurationPlatforms) = postSolution
		{B044EA8A-F775-4533-98A8-E82C9DBDFCB4}.Debug|Any CPU.ActiveCfg = Debug|Any CPU
		{B044EA8A-F775-4533-98A8-E82C9DBDFCB4}.Debug|Any CPU.Build.0 = Debug|Any CPU
		{B044EA8A-F775-4533-98A8-E82C9DBDFCB4}.Release|Any CPU.ActiveCfg = Release|Any CPU
		{B044EA8A-F775-4533-98A8-E82C9DBDFCB4}.Release|Any CPU.Build.0 = Release|Any CPU
	EndGlobalSection
	GlobalSection(SolutionProperties) = preSolution
		HideSolutionNode = FALSE
	EndGlobalSection
	GlobalSection(ExtensibilityGlobals) = postSolution
		SolutionGuid = {4C3E1E4E-CD7A-4E6C-B9D5-E0C6B40A79A0}
	EndGlobalSection
EndGlobal
